
Microsoft Visual Studio Solution File, Format Version 12.00
# Visual Studio Version 16
VisualStudioVersion = 16.0.31410.357
MinimumVisualStudioVersion = 10.0.40219.1
Project("{8BC9CEB8-8B4A-11D0-8D11-00A0C91BC942}") = "Pointers", "Pointers\Pointers.vcxproj", "{4E13705E-934D-4502-812E-BC4BBF3175F6}"
EndProject
Project("{8BC9CEB8-8B4A-11D0-8D11-00A0C91BC942}") = "Parametors", "Parametors\Parametors.vcxproj", "{255FD739-5559-4441-A718-F616F1A9A28F}"
EndProject
Project("{8BC9CEB8-8B4A-11D0-8D11-00A0C91BC942}") = "Raferences", "Raferences\Raferences.vcxproj", "{9E5A8A32-C061-47EB-9F74-4DAC78C29162}"
EndProject
Project("{8BC9CEB8-8B4A-11D0-8D11-00A0C91BC942}") = "DynamicArrays", "DynamicArrays\DynamicArrays.vcxproj", "{BD458538-FFB9-494B-A877-808188D52186}"
EndProject
Project("{8BC9CEB8-8B4A-11D0-8D11-00A0C91BC942}") = "EvenOdd", "EvenOdd\EvenOdd.vcxproj", "{928B637D-07A2-427E-B753-14297FB7340A}"
EndProject
Global
	GlobalSection(SolutionConfigurationPlatforms) = preSolution
		Debug|x64 = Debug|x64
		Debug|x86 = Debug|x86
		Release|x64 = Release|x64
		Release|x86 = Release|x86
	EndGlobalSection
	GlobalSection(ProjectConfigurationPlatforms) = postSolution
		{4E13705E-934D-4502-812E-BC4BBF3175F6}.Debug|x64.ActiveCfg = Debug|x64
		{4E13705E-934D-4502-812E-BC4BBF3175F6}.Debug|x64.Build.0 = Debug|x64
		{4E13705E-934D-4502-812E-BC4BBF3175F6}.Debug|x86.ActiveCfg = Debug|Win32
		{4E13705E-934D-4502-812E-BC4BBF3175F6}.Debug|x86.Build.0 = Debug|Win32
		{4E13705E-934D-4502-812E-BC4BBF3175F6}.Release|x64.ActiveCfg = Release|x64
		{4E13705E-934D-4502-812E-BC4BBF3175F6}.Release|x64.Build.0 = Release|x64
		{4E13705E-934D-4502-812E-BC4BBF3175F6}.Release|x86.ActiveCfg = Release|Win32
		{4E13705E-934D-4502-812E-BC4BBF3175F6}.Release|x86.Build.0 = Release|Win32
		{255FD739-5559-4441-A718-F616F1A9A28F}.Debug|x64.ActiveCfg = Debug|x64
		{255FD739-5559-4441-A718-F616F1A9A28F}.Debug|x64.Build.0 = Debug|x64
		{255FD739-5559-4441-A718-F616F1A9A28F}.Debug|x86.ActiveCfg = Debug|Win32
		{255FD739-5559-4441-A718-F616F1A9A28F}.Debug|x86.Build.0 = Debug|Win32
		{255FD739-5559-4441-A718-F616F1A9A28F}.Release|x64.ActiveCfg = Release|x64
		{255FD739-5559-4441-A718-F616F1A9A28F}.Release|x64.Build.0 = Release|x64
		{255FD739-5559-4441-A718-F616F1A9A28F}.Release|x86.ActiveCfg = Release|Win32
		{255FD739-5559-4441-A718-F616F1A9A28F}.Release|x86.Build.0 = Release|Win32
		{9E5A8A32-C061-47EB-9F74-4DAC78C29162}.Debug|x64.ActiveCfg = Debug|x64
		{9E5A8A32-C061-47EB-9F74-4DAC78C29162}.Debug|x64.Build.0 = Debug|x64
		{9E5A8A32-C061-47EB-9F74-4DAC78C29162}.Debug|x86.ActiveCfg = Debug|Win32
		{9E5A8A32-C061-47EB-9F74-4DAC78C29162}.Debug|x86.Build.0 = Debug|Win32
		{9E5A8A32-C061-47EB-9F74-4DAC78C29162}.Release|x64.ActiveCfg = Release|x64
		{9E5A8A32-C061-47EB-9F74-4DAC78C29162}.Release|x64.Build.0 = Release|x64
		{9E5A8A32-C061-47EB-9F74-4DAC78C29162}.Release|x86.ActiveCfg = Release|Win32
		{9E5A8A32-C061-47EB-9F74-4DAC78C29162}.Release|x86.Build.0 = Release|Win32
		{BD458538-FFB9-494B-A877-808188D52186}.Debug|x64.ActiveCfg = Debug|x64
		{BD458538-FFB9-494B-A877-808188D52186}.Debug|x64.Build.0 = Debug|x64
		{BD458538-FFB9-494B-A877-808188D52186}.Debug|x86.ActiveCfg = Debug|Win32
		{BD458538-FFB9-494B-A877-808188D52186}.Debug|x86.Build.0 = Debug|Win32
		{BD458538-FFB9-494B-A877-808188D52186}.Release|x64.ActiveCfg = Release|x64
		{BD458538-FFB9-494B-A877-808188D52186}.Release|x64.Build.0 = Release|x64
		{BD458538-FFB9-494B-A877-808188D52186}.Release|x86.ActiveCfg = Release|Win32
		{BD458538-FFB9-494B-A877-808188D52186}.Release|x86.Build.0 = Release|Win32
		{928B637D-07A2-427E-B753-14297FB7340A}.Debug|x64.ActiveCfg = Debug|x64
		{928B637D-07A2-427E-B753-14297FB7340A}.Debug|x64.Build.0 = Debug|x64
		{928B637D-07A2-427E-B753-14297FB7340A}.Debug|x86.ActiveCfg = Debug|Win32
		{928B637D-07A2-427E-B753-14297FB7340A}.Debug|x86.Build.0 = Debug|Win32
		{928B637D-07A2-427E-B753-14297FB7340A}.Release|x64.ActiveCfg = Release|x64
		{928B637D-07A2-427E-B753-14297FB7340A}.Release|x64.Build.0 = Release|x64
		{928B637D-07A2-427E-B753-14297FB7340A}.Release|x86.ActiveCfg = Release|Win32
		{928B637D-07A2-427E-B753-14297FB7340A}.Release|x86.Build.0 = Release|Win32
	EndGlobalSection
	GlobalSection(SolutionProperties) = preSolution
		HideSolutionNode = FALSE
	EndGlobalSection
	GlobalSection(ExtensibilityGlobals) = postSolution
		SolutionGuid = {94C195B1-C73C-4DD9-B61D-2336CE71CAF4}
	EndGlobalSection
EndGlobal
